
Microsoft Visual Studio Solution File, Format Version 12.00
# Visual Studio 14
VisualStudioVersion = 14.0.24720.0
MinimumVisualStudioVersion = 10.0.40219.1
Project("{FAE04EC0-301F-11D3-BF4B-00C04F79EFBC}") = "Sms.Splitter", "Sms.Splitter\Sms.Splitter.csproj", "{76527C9C-833D-4A8B-BAFF-4ABEAF312749}"
EndProject
Project("{FAE04EC0-301F-11D3-BF4B-00C04F79EFBC}") = "Sms.Splitter.Tests", "Sms.Splitter.Tests\Sms.Splitter.Tests.csproj", "{2A3036CC-1629-4247-B170-8D4B2E28AF6D}"
EndProject
Global
	GlobalSection(SolutionConfigurationPlatforms) = preSolution
		Debug|Any CPU = Debug|Any CPU
		Release|Any CPU = Release|Any CPU
	EndGlobalSection
	GlobalSection(ProjectConfigurationPlatforms) = postSolution
		{76527C9C-833D-4A8B-BAFF-4ABEAF312749}.Debug|Any CPU.ActiveCfg = Debug|Any CPU
		{76527C9C-833D-4A8B-BAFF-4ABEAF312749}.Debug|Any CPU.Build.0 = Debug|Any CPU
		{76527C9C-833D-4A8B-BAFF-4ABEAF312749}.Release|Any CPU.ActiveCfg = Release|Any CPU
		{76527C9C-833D-4A8B-BAFF-4ABEAF312749}.Release|Any CPU.Build.0 = Release|Any CPU
		{2A3036CC-1629-4247-B170-8D4B2E28AF6D}.Debug|Any CPU.ActiveCfg = Debug|Any CPU
		{2A3036CC-1629-4247-B170-8D4B2E28AF6D}.Debug|Any CPU.Build.0 = Debug|Any CPU
		{2A3036CC-1629-4247-B170-8D4B2E28AF6D}.Release|Any CPU.ActiveCfg = Release|Any CPU
		{2A3036CC-1629-4247-B170-8D4B2E28AF6D}.Release|Any CPU.Build.0 = Release|Any CPU
	EndGlobalSection
	GlobalSection(SolutionProperties) = preSolution
		HideSolutionNode = FALSE
	EndGlobalSection
EndGlobal
